lockfileVersion: '6.0'

devDependencies:
  '@types/tampermonkey':
    specifier: ^4.0.10
    version: 4.0.10
  typescript:
    specifier: ^5.0.3
    version: 5.0.3

packages:

  /@types/tampermonkey@4.0.10:
    resolution: {integrity: sha512-E3SYtXgeXG/nnq6uAPiZh7i0XA8jLbtiXraxxHTnsSjzQcQMxWBzbcoGkHgiC+zbHXxxkynUT9zt85SpF8loNw==}
    dev: true

  /typescript@5.0.3:
    resolution: {integrity: sha512-xv8mOEDnigb/tN9PSMTwSEqAnUvkoXMQlicOb0IUVDBSQCgBSaAAROUZYy2IcUy5qU6XajK5jjjO7TMWqBTKZA==}
    engines: {node: '>=12.20'}
    hasBin: true
    dev: true
